# Machine-readable TSV; parsed as data and never sourced.
eshkol_repository	https://github.com/tsotchke/eshkol.git
eshkol_commit	90cbd7130f47b8184bcc77b8d5c1b0026da980de
eshkol_version	1.3.4-evolve
llvm_version	21.1.8
supported_os	ubuntu-22.04
supported_arch	x86_64
supported_cc	clang-21
supported_cxx	clang++-21
clang_version	21.1.8
minimum_cmake_version	3.22.1
minimum_ninja_version	1.10.1
minimum_make_version	4.3
minimum_bash_version	5.1.16
minimum_git_version	2.34.1
